
Microsoft Visual Studio Solution File, Format Version 12.00
# Visual Studio 15
VisualStudioVersion = 15.0.28010.2026
MinimumVisualStudioVersion = 10.0.40219.1
Project("{FAE04EC0-301F-11D3-BF4B-00C04F79EFBC}") = "Instant", "Instant\Instant.csproj", "{B9DE2258-73CA-4212-9725-5D816A5BA3EA}"
EndProject
Global
	GlobalSection(SolutionConfigurationPlatforms) = preSolution
		Debug|Any CPU = Debug|Any CPU
		Release|Any CPU = Release|Any CPU
	EndGlobalSection
	GlobalSection(ProjectConfigurationPlatforms) = postSolution
		{B9DE2258-73CA-4212-9725-5D816A5BA3EA}.Debug|Any CPU.ActiveCfg = Debug|Any CPU
		{B9DE2258-73CA-4212-9725-5D816A5BA3EA}.Debug|Any CPU.Build.0 = Debug|Any CPU
		{B9DE2258-73CA-4212-9725-5D816A5BA3EA}.Release|Any CPU.ActiveCfg = Release|Any CPU
		{B9DE2258-73CA-4212-9725-5D816A5BA3EA}.Release|Any CPU.Build.0 = Release|Any CPU
	EndGlobalSection
	GlobalSection(SolutionProperties) = preSolution
		HideSolutionNode = FALSE
	EndGlobalSection
	GlobalSection(ExtensibilityGlobals) = postSolution
		SolutionGuid = {CD492A2E-6C6B-47D2-9C76-3A6BEF6BF797}
	EndGlobalSection
EndGlobal
